
Microsoft Visual Studio Solution File, Format Version 12.00
# Visual Studio 15
VisualStudioVersion = 15.0.26430.6
MinimumVisualStudioVersion = 10.0.40219.1
Project("{FAE04EC0-301F-11D3-BF4B-00C04F79EFBC}") = "FunWithTransforms", "FunWithTransforms\FunWithTransforms.csproj", "{91C100C9-27AE-415A-B5F7-64789F3DDDD9}"
EndProject
Global
	GlobalSection(SolutionConfigurationPlatforms) = preSolution
		Debug|Any CPU = Debug|Any CPU
		Release|Any CPU = Release|Any CPU
	EndGlobalSection
	GlobalSection(ProjectConfigurationPlatforms) = postSolution
		{91C100C9-27AE-415A-B5F7-64789F3DDDD9}.Debug|Any CPU.ActiveCfg = Debug|Any CPU
		{91C100C9-27AE-415A-B5F7-64789F3DDDD9}.Debug|Any CPU.Build.0 = Debug|Any CPU
		{91C100C9-27AE-415A-B5F7-64789F3DDDD9}.Release|Any CPU.ActiveCfg = Release|Any CPU
		{91C100C9-27AE-415A-B5F7-64789F3DDDD9}.Release|Any CPU.Build.0 = Release|Any CPU
	EndGlobalSection
	GlobalSection(SolutionProperties) = preSolution
		HideSolutionNode = FALSE
	EndGlobalSection
EndGlobal
