
Microsoft Visual Studio Solution File, Format Version 12.00
# Visual Studio 15
VisualStudioVersion = 15.0.26430.6
MinimumVisualStudioVersion = 10.0.40219.1
Project("{FAE04EC0-301F-11D3-BF4B-00C04F79EFBC}") = "AddWithThreadsAsync", "AddWithThreadsAsync\AddWithThreadsAsync.csproj", "{018F24C6-218F-4186-B2CC-2F93231DBCF7}"
EndProject
Global
	GlobalSection(SolutionConfigurationPlatforms) = preSolution
		Debug|Any CPU = Debug|Any CPU
		Release|Any CPU = Release|Any CPU
	EndGlobalSection
	GlobalSection(ProjectConfigurationPlatforms) = postSolution
		{018F24C6-218F-4186-B2CC-2F93231DBCF7}.Debug|Any CPU.ActiveCfg = Debug|Any CPU
		{018F24C6-218F-4186-B2CC-2F93231DBCF7}.Debug|Any CPU.Build.0 = Debug|Any CPU
		{018F24C6-218F-4186-B2CC-2F93231DBCF7}.Release|Any CPU.ActiveCfg = Release|Any CPU
		{018F24C6-218F-4186-B2CC-2F93231DBCF7}.Release|Any CPU.Build.0 = Release|Any CPU
	EndGlobalSection
	GlobalSection(SolutionProperties) = preSolution
		HideSolutionNode = FALSE
	EndGlobalSection
EndGlobal
